
Microsoft Visual Studio Solution File, Format Version 12.00
# Visual Studio 15
VisualStudioVersion = 15.0.26730.16
MinimumVisualStudioVersion = 10.0.40219.1
Project("{FAE04EC0-301F-11D3-BF4B-00C04F79EFBC}") = "TicketSupport", "TicketSupport\TicketSupport.csproj", "{5105F885-FA1D-4E27-B5D3-0D7A466CB59C}"
EndProject
Global
	GlobalSection(SolutionConfigurationPlatforms) = preSolution
		Debug|Any CPU = Debug|Any CPU
		Release|Any CPU = Release|Any CPU
	EndGlobalSection
	GlobalSection(ProjectConfigurationPlatforms) = postSolution
		{5105F885-FA1D-4E27-B5D3-0D7A466CB59C}.Debug|Any CPU.ActiveCfg = Debug|Any CPU
		{5105F885-FA1D-4E27-B5D3-0D7A466CB59C}.Debug|Any CPU.Build.0 = Debug|Any CPU
		{5105F885-FA1D-4E27-B5D3-0D7A466CB59C}.Release|Any CPU.ActiveCfg = Release|Any CPU
		{5105F885-FA1D-4E27-B5D3-0D7A466CB59C}.Release|Any CPU.Build.0 = Release|Any CPU
	EndGlobalSection
	GlobalSection(SolutionProperties) = preSolution
		HideSolutionNode = FALSE
	EndGlobalSection
	GlobalSection(ExtensibilityGlobals) = postSolution
		SolutionGuid = {B6673769-9736-4B29-943E-28EB8673DFE2}
	EndGlobalSection
EndGlobal
